
Microsoft Visual Studio Solution File, Format Version 12.00
# Visual Studio Version 17
VisualStudioVersion = 17.7.34031.279
MinimumVisualStudioVersion = 10.0.40219.1
Project("{FAE04EC0-301F-11D3-BF4B-00C04F79EFBC}") = "SampleApp", "SampleApp\SampleApp.csproj", "{309DA2C5-2A12-4A09-AD97-EB6F7BA5DBF0}"
EndProject
Global
	GlobalSection(SolutionConfigurationPlatforms) = preSolution
		Debug|Any CPU = Debug|Any CPU
		Release|Any CPU = Release|Any CPU
	EndGlobalSection
	GlobalSection(ProjectConfigurationPlatforms) = postSolution
		{309DA2C5-2A12-4A09-AD97-EB6F7BA5DBF0}.Debug|Any CPU.ActiveCfg = Debug|Any CPU
		{309DA2C5-2A12-4A09-AD97-EB6F7BA5DBF0}.Debug|Any CPU.Build.0 = Debug|Any CPU
		{309DA2C5-2A12-4A09-AD97-EB6F7BA5DBF0}.Release|Any CPU.ActiveCfg = Release|Any CPU
		{309DA2C5-2A12-4A09-AD97-EB6F7BA5DBF0}.Release|Any CPU.Build.0 = Release|Any CPU
	EndGlobalSection
	GlobalSection(SolutionProperties) = preSolution
		HideSolutionNode = FALSE
	EndGlobalSection
	GlobalSection(ExtensibilityGlobals) = postSolution
		SolutionGuid = {4EB29AE2-C6F4-4F3F-B19D-658CA88443E3}
	EndGlobalSection
EndGlobal
